
Microsoft Visual Studio Solution File, Format Version 12.00
# Visual Studio Version 16
VisualStudioVersion = 16.0.31624.102
MinimumVisualStudioVersion = 10.0.40219.1
Project("{FAE04EC0-301F-11D3-BF4B-00C04F79EFBC}") = "QuanLyCuaHang", "QuanLyCuaHang\QuanLyCuaHang.csproj", "{553E61B1-03B1-4DB6-B4A0-739D84120900}"
EndProject
Global
	GlobalSection(SolutionConfigurationPlatforms) = preSolution
		Debug|Any CPU = Debug|Any CPU
		Release|Any CPU = Release|Any CPU
	EndGlobalSection
	GlobalSection(ProjectConfigurationPlatforms) = postSolution
		{553E61B1-03B1-4DB6-B4A0-739D84120900}.Debug|Any CPU.ActiveCfg = Debug|Any CPU
		{553E61B1-03B1-4DB6-B4A0-739D84120900}.Debug|Any CPU.Build.0 = Debug|Any CPU
		{553E61B1-03B1-4DB6-B4A0-739D84120900}.Release|Any CPU.ActiveCfg = Release|Any CPU
		{553E61B1-03B1-4DB6-B4A0-739D84120900}.Release|Any CPU.Build.0 = Release|Any CPU
	EndGlobalSection
	GlobalSection(SolutionProperties) = preSolution
		HideSolutionNode = FALSE
	EndGlobalSection
	GlobalSection(ExtensibilityGlobals) = postSolution
		SolutionGuid = {C86F1D81-670C-4724-B69E-DA3F3C2FD90E}
	EndGlobalSection
EndGlobal
